
Microsoft Visual Studio Solution File, Format Version 12.00
# Visual Studio Version 17
VisualStudioVersion = 17.7.34024.191
MinimumVisualStudioVersion = 10.0.40219.1
Project("{FAE04EC0-301F-11D3-BF4B-00C04F79EFBC}") = "Msoft.Snake", "Msoft.Snake\Msoft.Snake.csproj", "{DB8DABA9-C623-4E4E-A470-DDFC99039C49}"
EndProject
Global
	GlobalSection(SolutionConfigurationPlatforms) = preSolution
		Debug|Any CPU = Debug|Any CPU
		Release|Any CPU = Release|Any CPU
	EndGlobalSection
	GlobalSection(ProjectConfigurationPlatforms) = postSolution
		{DB8DABA9-C623-4E4E-A470-DDFC99039C49}.Debug|Any CPU.ActiveCfg = Debug|Any CPU
		{DB8DABA9-C623-4E4E-A470-DDFC99039C49}.Debug|Any CPU.Build.0 = Debug|Any CPU
		{DB8DABA9-C623-4E4E-A470-DDFC99039C49}.Release|Any CPU.ActiveCfg = Release|Any CPU
		{DB8DABA9-C623-4E4E-A470-DDFC99039C49}.Release|Any CPU.Build.0 = Release|Any CPU
	EndGlobalSection
	GlobalSection(SolutionProperties) = preSolution
		HideSolutionNode = FALSE
	EndGlobalSection
	GlobalSection(ExtensibilityGlobals) = postSolution
		SolutionGuid = {E2AFA83C-A032-46AD-8965-6F12C2BBC9CF}
	EndGlobalSection
EndGlobal
